
Microsoft Visual Studio Solution File, Format Version 12.00
# Visual Studio Version 17
VisualStudioVersion = 17.7.34221.43
MinimumVisualStudioVersion = 10.0.40219.1
Project("{FAE04EC0-301F-11D3-BF4B-00C04F79EFBC}") = "PracticeConstructorsMethodsOverloading", "PracticeConstructorsMethodsOverloading\PracticeConstructorsMethodsOverloading.csproj", "{63FABD8A-705E-4B95-9C51-2F8D53060670}"
EndProject
Global
	GlobalSection(SolutionConfigurationPlatforms) = preSolution
		Debug|Any CPU = Debug|Any CPU
		Release|Any CPU = Release|Any CPU
	EndGlobalSection
	GlobalSection(ProjectConfigurationPlatforms) = postSolution
		{63FABD8A-705E-4B95-9C51-2F8D53060670}.Debug|Any CPU.ActiveCfg = Debug|Any CPU
		{63FABD8A-705E-4B95-9C51-2F8D53060670}.Debug|Any CPU.Build.0 = Debug|Any CPU
		{63FABD8A-705E-4B95-9C51-2F8D53060670}.Release|Any CPU.ActiveCfg = Release|Any CPU
		{63FABD8A-705E-4B95-9C51-2F8D53060670}.Release|Any CPU.Build.0 = Release|Any CPU
	EndGlobalSection
	GlobalSection(SolutionProperties) = preSolution
		HideSolutionNode = FALSE
	EndGlobalSection
	GlobalSection(ExtensibilityGlobals) = postSolution
		SolutionGuid = {6BC7D2C1-F6EE-4C1A-B5B9-42829E4A8A0C}
	EndGlobalSection
EndGlobal
